# This file is automatically @generated by Poetry 2.2.1 and should not be changed by hand.

[[package]]
name = "dnspython"
version = "2.8.0"
description = "DNS toolkit"
optional = false
python-versions = ">=3.10"
groups = ["main"]
files = [
    {file = "dnspython-2.8.0-py3-none-any.whl", hash = "sha256:01d9bbc4a2d76bf0db7c1f729812ded6d912bd318d3b1cf81d30c0f845dbf3af"},
    {file = "dnspython-2.8.0.tar.gz", hash = "sha256:181d3c6996452cb1189c4046c61599b84a5a86e099562ffde77d26984ff26d0f"},
]

[package.extras]
dev = ["black (>=25.1.0)", "coverage (>=7.0)", "flake8 (>=7)", "hypercorn (>=0.17.0)", "mypy (>=1.17)", "pylint (>=3)", "pytest (>=8.4)", "pytest-cov (>=6.2.0)", "quart-trio (>=0.12.0)", "sphinx (>=8.2.0)", "sphinx-rtd-theme (>=3.0.0)", "twine (>=6.1.0)", "wheel (>=0.45.0)"]
dnssec = ["cryptography (>=45)"]
doh = ["h2 (>=4.2.0)", "httpcore (>=1.0.0)", "httpx (>=0.28.0)"]
doq = ["aioquic (>=1.2.0)"]
idna = ["idna (>=3.10)"]
trio = ["trio (>=0.30)"]
wmi = ["wmi (>=1.5.1) ; platform_system == \"Windows\""]

[[package]]
name = "greenlet"
version = "3.2.4"
description = "Lightweight in-process concurrent programming"
optional = false
python-versions = ">=3.9"
groups = ["main"]
files = [
    {file = "greenlet-3.2.4-cp310-cp310-macosx_11_0_universal2.whl", hash = "sha256:8c68325b0d0acf8d91dde4e6f930967dd52a5302cd4062932a6b2e7c2969f47c"},
    {file = "greenlet-3.2.4-cp310-cp310-manylinux2014_aarch64.manylinux_2_17_aarch64.whl", hash = "sha256:94385f101946790ae13da500603491f04a76b6e4c059dab271b3ce2e283b2590"},
    {file = "greenlet-3.2.4-cp310-cp310-manylinux2014_ppc64le.manylinux_2_17_ppc64le.whl", hash = "sha256:f10fd42b5ee276335863712fa3da6608e93f70629c631bf77145021600abc23c"},
    {file = "greenlet-3.2.4-cp310-cp310-manylinux2014_s390x.manylinux_2_17_s390x.whl", hash = "sha256:c8c9e331e58180d0d83c5b7999255721b725913ff6bc6cf39fa2a45841a4fd4b"},
    {file = "greenlet-3.2.4-cp310-cp310-manylinux2014_x86_64.manylinux_2_17_x86_64.whl", hash = "sha256:58b97143c9cc7b86fc458f215bd0932f1757ce649e05b640fea2e79b54cedb31"},
    {file = "greenlet-3.2.4-cp310-cp310-manylinux_2_24_x86_64.manylinux_2_28_x86_64.whl", hash = "sha256:c2ca18a03a8cfb5b25bc1cbe20f3d9a4c80d8c3b13ba3df49ac3961af0b1018d"},
    {file = "greenlet-3.2.4-cp310-cp310-musllinux_1_1_aarch64.whl", hash = "sha256:9fe0a28a7b952a21e2c062cd5756d34354117796c6d9215a87f55e38d15402c5"},
    {file = "greenlet-3.2.4-cp310-cp310-musllinux_1_1_x86_64.whl", hash = "sha256:8854167e06950ca75b898b104b63cc646573aa5fef1353d4508ecdd1ee76254f"},
    {file = "greenlet-3.2.4-cp310-cp310-win_amd64.whl", hash = "sha256:73f49b5368b5359d04e18d15828eecc1806033db5233397748f4ca813ff1056c"},
    {file = "greenlet-3.2.4-cp311-cp311-macosx_11_0_universal2.whl", hash = "sha256:96378df1de302bc38e99c3a9aa311967b7dc80ced1dcc6f171e99842987882a2"},
    {file = "greenlet-3.2.4-cp311-cp311-manylinux2014_aarch64.manylinux_2_17_aarch64.whl", hash = "sha256:1ee8fae0519a337f2329cb78bd7a8e128ec0f881073d43f023c7b8d4831d5246"},
    {file = "greenlet-3.2.4-cp311-cp311-manylinux2014_ppc64le.manylinux_2_17_ppc64le.whl", hash = "sha256:94abf90142c2a18151632371140b3dba4dee031633fe614cb592dbb6c9e17bc3"},
    {file = "greenlet-3.2.4-cp311-cp311-manylinux2014_s390x.manylinux_2_17_s390x.whl", hash = "sha256:4d1378601b85e2e5171b99be8d2dc85f594c79967599328f95c1dc1a40f1c633"},
    {file = "greenlet-3.2.4-cp311-cp311-manylinux2014_x86_64.manylinux_2_17_x86_64.whl", hash = "sha256:0db5594dce18db94f7d1650d7489909b57afde4c580806b8d9203b6e79cdc079"},
    {file = "greenlet-3.2.4-cp311-cp311-manylinux_2_24_x86_64.manylinux_2_28_x86_64.whl", hash = "sha256:2523e5246274f54fdadbce8494458a2ebdcdbc7b802318466ac5606d3cded1f8"},
    {file = "greenlet-3.2.4-cp311-cp311-musllinux_1_1_aarch64.whl", hash = "sha256:1987de92fec508535687fb807a5cea1560f6196285a4cde35c100b8cd632cc52"},
    {file = "greenlet-3.2.4-cp311-cp311-musllinux_1_1_x86_64.whl", hash = "sha256:55e9c5affaa6775e2c6b67659f3a71684de4c549b3dd9afca3bc773533d284fa"},
    {file = "greenlet-3.2.4-cp311-cp311-win_amd64.whl", hash = "sha256:9c40adce87eaa9ddb593ccb0fa6a07caf34015a29bf8d344811665b573138db9"},
    {file = "greenlet-3.2.4-cp312-cp312-macosx_11_0_universal2.whl", hash = "sha256:3b67ca49f54cede0186854a008109d6ee71f66bd57bb36abd6d0a0267b540cdd"},
    {file = "greenlet-3.2.4-cp312-cp312-manylinux2014_aarch64.manylinux_2_17_aarch64.whl", hash = "sha256:ddf9164e7a5b08e9d22511526865780a576f19ddd00d62f8a665949327fde8bb"},
    {file = "greenlet-3.2.4-cp312-cp312-manylinux2014_ppc64le.manylinux_2_17_ppc64le.whl", hash = "sha256:f28588772bb5fb869a8eb331374ec06f24a83a9c25bfa1f38b6993afe9c1e968"},
    {file = "greenlet-3.2.4-cp312-cp312-manylinux2014_s390x.manylinux_2_17_s390x.whl", hash = "sha256:5c9320971821a7cb77cfab8d956fa8e39cd07ca44b6070db358ceb7f8797c8c9"},
    {file = "greenlet-3.2.4-cp312-cp312-manylinux2014_x86_64.manylinux_2_17_x86_64.whl", hash = "sha256:c60a6d84229b271d44b70fb6e5fa23781abb5d742af7b808ae3f6efd7c9c60f6"},
    {file = "greenlet-3.2.4-cp312-cp312-manylinux_2_24_x86_64.manylinux_2_28_x86_64.whl", hash = "sha256:3b3812d8d0c9579967815af437d96623f45c0f2ae5f04e366de62a12d83a8fb0"},
    {file = "greenlet-3.2.4-cp312-cp312-musllinux_1_1_aarch64.whl", hash = "sha256:abbf57b5a870d30c4675928c37278493044d7c14378350b3aa5d484fa65575f0"},
    {file = "greenlet-3.2.4-cp312-cp312-musllinux_1_1_x86_64.whl", hash = "sha256:20fb936b4652b6e307b8f347665e2c615540d4b42b3b4c8a321d8286da7e520f"},
    {file = "greenlet-3.2.4-cp312-cp312-win_amd64.whl", hash = "sha256:a7d4e128405eea3814a12cc2605e0e6aedb4035bf32697f72deca74de4105e02"},
    {file = "greenlet-3.2.4-cp313-cp313-macosx_11_0_universal2.whl", hash = "sha256:1a921e542453fe531144e91e1feedf12e07351b1cf6c9e8a3325ea600a715a31"},
    {file = "greenlet-3.2.4-cp313-cp313-manylinux2014_aarch64.manylinux_2_17_aarch64.whl", hash = "sha256:cd3c8e693bff0fff6ba55f140bf390fa92c994083f838fece0f63be121334945"},
    {file = "greenlet-3.2.4-cp313-cp313-manylinux2014_ppc64le.manylinux_2_17_ppc64le.whl", hash = "sha256:710638eb93b1fa52823aa91bf75326f9ecdfd5e0466f00789246a5280f4ba0fc"},
    {file = "greenlet-3.2.4-cp313-cp313-manylinux2014_s390x.manylinux_2_17_s390x.whl", hash = "sha256:c5111ccdc9c88f423426df3fd1811bfc40ed66264d35aa373420a34377efc98a"},
    {file = "greenlet-3.2.4-cp313-cp313-manylinux2014_x86_64.manylinux_2_17_x86_64.whl", hash = "sha256:d76383238584e9711e20ebe14db6c88ddcedc1829a9ad31a584389463b5aa504"},
    {file = "greenlet-3.2.4-cp313-cp313-manylinux_2_24_x86_64.manylinux_2_28_x86_64.whl", hash = "sha256:23768528f2911bcd7e475210822ffb5254ed10d71f4028387e5a99b4c6699671"},
    {file = "greenlet-3.2.4-cp313-cp313-musllinux_1_1_aarch64.whl", hash = "sha256:00fadb3fedccc447f517ee0d3fd8fe49eae949e1cd0f6a611818f4f6fb7dc83b"},
    {file = "greenlet-3.2.4-cp313-cp313-musllinux_1_1_x86_64.whl", hash = "sha256:d25c5091190f2dc0eaa3f950252122edbbadbb682aa7b1ef2f8af0f8c0afefae"},
    {file = "greenlet-3.2.4-cp313-cp313-win_amd64.whl", hash = "sha256:554b03b6e73aaabec3745364d6239e9e012d64c68ccd0b8430c64ccc14939a8b"},
    {file = "greenlet-3.2.4-cp314-cp314-macosx_11_0_universal2.whl", hash = "sha256:49a30d5fda2507ae77be16479bdb62a660fa51b1eb4928b524975b3bde77b3c0"},
    {file = "greenlet-3.2.4-cp314-cp314-manylinux2014_aarch64.manylinux_2_17_aarch64.whl", hash = "sha256:299fd615cd8fc86267b47597123e3f43ad79c9d8a22bebdce535e53550763e2f"},
    {file = "greenlet-3.2.4-cp314-cp314-manylinux2014_ppc64le.manylinux_2_17_ppc64le.whl", hash = "sha256:c17b6b34111ea72fc5a4e4beec9711d2226285f0386ea83477cbb97c30a3f3a5"},
    {file = "greenlet-3.2.4-cp314-cp314-manylinux2014_s390x.manylinux_2_17_s390x.whl", hash = "sha256:b4a1870c51720687af7fa3e7cda6d08d801dae660f75a76f3845b642b4da6ee1"},
    {file = "greenlet-3.2.4-cp314-cp314-manylinux2014_x86_64.manylinux_2_17_x86_64.whl", hash = "sha256:061dc4cf2c34852b052a8620d40f36324554bc192be474b9e9770e8c042fd735"},
    {file = "greenlet-3.2.4-cp314-cp314-manylinux_2_24_x86_64.manylinux_2_28_x86_64.whl", hash = "sha256:44358b9bf66c8576a9f57a590d5f5d6e72fa4228b763d0e43fee6d3b06d3a337"},
    {file = "greenlet-3.2.4-cp314-cp314-win_amd64.whl", hash = "sha256:e37ab26028f12dbb0ff65f29a8d3d44a765c61e729647bf2ddfbbed621726f01"},
    {file = "greenlet-3.2.4-cp39-cp39-macosx_11_0_universal2.whl", hash = "sha256:b6a7c19cf0d2742d0809a4c05975db036fdff50cd294a93632d6a310bf9ac02c"},
    {file = "greenlet-3.2.4-cp39-cp39-manylinux2014_aarch64.manylinux_2_17_aarch64.whl", hash = "sha256:27890167f55d2387576d1f41d9487ef171849ea0359ce1510ca6e06c8bece11d"},
    {file = "greenlet-3.2.4-cp39-cp39-manylinux2014_ppc64le.manylinux_2_17_ppc64le.whl", hash = "sha256:18d9260df2b5fbf41ae5139e1be4e796d99655f023a636cd0e11e6406cca7d58"},
    {file = "greenlet-3.2.4-cp39-cp39-manylinux2014_s390x.manylinux_2_17_s390x.whl", hash = "sha256:671df96c1f23c4a0d4077a325483c1503c96a1b7d9db26592ae770daa41233d4"},
    {file = "greenlet-3.2.4-cp39-cp39-manylinux2014_x86_64.manylinux_2_17_x86_64.whl", hash = "sha256:16458c245a38991aa19676900d48bd1a6f2ce3e16595051a4db9d012154e8433"},
    {file = "greenlet-3.2.4-cp39-cp39-manylinux_2_24_x86_64.manylinux_2_28_x86_64.whl", hash = "sha256:c9913f1a30e4526f432991f89ae263459b1c64d1608c0d22a5c79c287b3c70df"},
    {file = "greenlet-3.2.4-cp39-cp39-musllinux_1_1_aarch64.whl", hash = "sha256:b90654e092f928f110e0007f572007c9727b5265f7632c2fa7415b4689351594"},
    {file = "greenlet-3.2.4-cp39-cp39-musllinux_1_1_x86_64.whl", hash = "sha256:81701fd84f26330f0d5f4944d4e92e61afe6319dcd9775e39396e39d7c3e5f98"},
    {file = "greenlet-3.2.4-cp39-cp39-win32.whl", hash = "sha256:65458b409c1ed459ea899e939f0e1cdb14f58dbc803f2f93c5eab5694d32671b"},
    {file = "greenlet-3.2.4-cp39-cp39-win_amd64.whl", hash = "sha256:d2e685ade4dafd447ede19c31277a224a239a0a1a4eca4e6390efedf20260cfb"},
    {file = "greenlet-3.2.4.tar.gz", hash = "sha256:0dca0d95ff849f9a364385f36ab49f50065d76964944638be9691e1832e9f86d"},
]

[package.extras]
docs = ["Sphinx", "furo"]
test = ["objgraph", "psutil", "setuptools"]

[[package]]
name = "playwright"
version = "1.55.0"
description = "A high-level API to automate web browsers"
optional = false
python-versions = ">=3.9"
groups = ["main"]
files = [
    {file = "playwright-1.55.0-py3-none-macosx_10_13_x86_64.whl", hash = "sha256:d7da108a95001e412effca4f7610de79da1637ccdf670b1ae3fdc08b9694c034"},
    {file = "playwright-1.55.0-py3-none-macosx_11_0_arm64.whl", hash = "sha256:8290cf27a5d542e2682ac274da423941f879d07b001f6575a5a3a257b1d4ba1c"},
    {file = "playwright-1.55.0-py3-none-macosx_11_0_universal2.whl", hash = "sha256:25b0d6b3fd991c315cca33c802cf617d52980108ab8431e3e1d37b5de755c10e"},
    {file = "playwright-1.55.0-py3-none-manylinux1_x86_64.whl", hash = "sha256:c6d4d8f6f8c66c483b0835569c7f0caa03230820af8e500c181c93509c92d831"},
    {file = "playwright-1.55.0-py3-none-manylinux_2_17_aarch64.manylinux2014_aarch64.whl", hash = "sha256:29a0777c4ce1273acf90c87e4ae2fe0130182100d99bcd2ae5bf486093044838"},
    {file = "playwright-1.55.0-py3-none-win32.whl", hash = "sha256:29e6d1558ad9d5b5c19cbec0a72f6a2e35e6353cd9f262e22148685b86759f90"},
    {file = "playwright-1.55.0-py3-none-win_amd64.whl", hash = "sha256:7eb5956473ca1951abb51537e6a0da55257bb2e25fc37c2b75af094a5c93736c"},
    {file = "playwright-1.55.0-py3-none-win_arm64.whl", hash = "sha256:012dc89ccdcbd774cdde8aeee14c08e0dd52ddb9135bf10e9db040527386bd76"},
]

[package.dependencies]
greenlet = ">=3.1.1,<4.0.0"
pyee = ">=13,<14"

[[package]]
name = "pyee"
version = "13.0.0"
description = "A rough port of Node.js's EventEmitter to Python with a few tricks of its own"
optional = false
python-versions = ">=3.8"
groups = ["main"]
files = [
    {file = "pyee-13.0.0-py3-none-any.whl", hash = "sha256:48195a3cddb3b1515ce0695ed76036b5ccc2ef3a9f963ff9f77aec0139845498"},
    {file = "pyee-13.0.0.tar.gz", hash = "sha256:b391e3c5a434d1f5118a25615001dbc8f669cf410ab67d04c4d4e07c55481c37"},
]

[package.dependencies]
typing-extensions = "*"

[package.extras]
dev = ["black", "build", "flake8", "flake8-black", "isort", "jupyter-console", "mkdocs", "mkdocs-include-markdown-plugin", "mkdocstrings[python]", "mypy", "pytest", "pytest-asyncio ; python_version >= \"3.4\"", "pytest-trio ; python_version >= \"3.7\"", "sphinx", "toml", "tox", "trio", "trio ; python_version > \"3.6\"", "trio-typing ; python_version > \"3.6\"", "twine", "twisted", "validate-pyproject[all]"]

[[package]]
name = "pymongo"
version = "4.15.3"
description = "PyMongo - the Official MongoDB Python driver"
optional = false
python-versions = ">=3.9"
groups = ["main"]
files = [
    {file = "pymongo-4.15.3-cp310-cp310-macosx_10_9_x86_64.whl", hash = "sha256:482ca9b775747562ce1589df10c97a0e62a604ce5addf933e5819dd967c5e23c"},
    {file = "pymongo-4.15.3-cp310-cp310-macosx_11_0_arm64.whl", hash = "sha256:c7eb497519f42ac89c30919a51f80e68a070cfc2f3b0543cac74833cd45a6b9c"},
    {file = "pymongo-4.15.3-cp310-cp310-manylinux1_i686.manylinux_2_28_i686.manylinux_2_5_i686.whl", hash = "sha256:4a0a054e9937ec8fdb465835509b176f6b032851c8648f6a5d1b19932d0eacd6"},
    {file = "pymongo-4.15.3-cp310-cp310-manylinux2014_aarch64.manylinux_2_17_aarch64.manylinux_2_28_aarch64.whl", hash = "sha256:49fd6e158cf75771b2685a8a221a40ab96010ae34dd116abd06371dc6c38ab60"},
    {file = "pymongo-4.15.3-cp310-cp310-manylinux2014_ppc64le.manylinux_2_17_ppc64le.manylinux_2_28_ppc64le.whl", hash = "sha256:82a490f1ade4ec6a72068e3676b04c126e3043e69b38ec474a87c6444cf79098"},
    {file = "pymongo-4.15.3-cp310-cp310-manylinux2014_s390x.manylinux_2_17_s390x.manylinux_2_28_s390x.whl", hash = "sha256:982107c667921e896292f4be09c057e2f1a40c645c9bfc724af5dd5fb8398094"},
    {file = "pymongo-4.15.3-cp310-cp310-manylinux2014_x86_64.manylinux_2_17_x86_64.manylinux_2_28_x86_64.whl", hash = "sha256:45aebbd369ca79b7c46eaea5b04d2e4afca4eda117b68965a07a9da05d774e4d"},
    {file = "pymongo-4.15.3-cp310-cp310-win32.whl", hash = "sha256:90ad56bd1d769d2f44af74f0fd0c276512361644a3c636350447994412cbc9a1"},
    {file = "pymongo-4.15.3-cp310-cp310-win_amd64.whl", hash = "sha256:8bd6dd736f5d07a825caf52c38916d5452edc0fac7aee43ec67aba6f61c2dbb7"},
    {file = "pymongo-4.15.3-cp310-cp310-win_arm64.whl", hash = "sha256:300eaf83ad053e51966be1839324341b08eaf880d3dc63ada7942d5912e09c49"},
    {file = "pymongo-4.15.3-cp311-cp311-macosx_10_9_x86_64.whl", hash = "sha256:39a13d8f7141294404ce46dfbabb2f2d17e9b1192456651ae831fa351f86fbeb"},
    {file = "pymongo-4.15.3-cp311-cp311-macosx_11_0_arm64.whl", hash = "sha256:17d13458baf4a6a9f2e787d95adf8ec50d412accb9926a044bd1c41029c323b2"},
    {file = "pymongo-4.15.3-cp311-cp311-manylinux1_i686.manylinux_2_28_i686.manylinux_2_5_i686.whl", hash = "sha256:fe4bcb8acfb288e238190397d4a699aeb4adb70e8545a6f4e44f99d4e8096ab1"},
    {file = "pymongo-4.15.3-cp311-cp311-manylinux2014_aarch64.manylinux_2_17_aarch64.manylinux_2_28_aarch64.whl", hash = "sha256:d09d895c7f08bcbed4d2e96a00e52e9e545ae5a37b32d2dc10099b205a21fc6d"},
    {file = "pymongo-4.15.3-cp311-cp311-manylinux2014_ppc64le.manylinux_2_17_ppc64le.manylinux_2_28_ppc64le.whl", hash = "sha256:21c0a95a4db72562fd0805e2f76496bf432ba2e27a5651f4b9c670466260c258"},
    {file = "pymongo-4.15.3-cp311-cp311-manylinux2014_s390x.manylinux_2_17_s390x.manylinux_2_28_s390x.whl", hash = "sha256:89e45d7fa987f4e246cdf43ff001e3f911f73eb19ba9dabc2a6d80df5c97883b"},
    {file = "pymongo-4.15.3-cp311-cp311-manylinux2014_x86_64.manylinux_2_17_x86_64.manylinux_2_28_x86_64.whl", hash = "sha256:1246a82fa6dd73ac2c63aa7e463752d5d1ca91e0c7a23396b78f21273befd3a7"},
    {file = "pymongo-4.15.3-cp311-cp311-win32.whl", hash = "sha256:9483521c03f6017336f54445652ead3145154e8d3ea06418e52cea57fee43292"},
    {file = "pymongo-4.15.3-cp311-cp311-win_amd64.whl", hash = "sha256:c57dad9f289d72af1d7c47a444c4d9fa401f951cedbbcc54c7dd0c2107d6d786"},
    {file = "pymongo-4.15.3-cp311-cp311-win_arm64.whl", hash = "sha256:2fd3b99520f2bb013960ac29dece1b43f2f1b6d94351ca33ba1b1211ecf79a09"},
    {file = "pymongo-4.15.3-cp312-cp312-macosx_10_13_x86_64.whl", hash = "sha256:bd0497c564b0ae34fb816464ffc09986dd9ca29e2772a0f7af989e472fecc2ad"},
    {file = "pymongo-4.15.3-cp312-cp312-macosx_11_0_arm64.whl", hash = "sha256:292fd5a3f045751a823a54cdea75809b2216a62cc5f74a1a96b337db613d46a8"},
    {file = "pymongo-4.15.3-cp312-cp312-manylinux1_i686.manylinux_2_28_i686.manylinux_2_5_i686.whl", hash = "sha256:959ef69c5e687b6b749fbf2140c7062abdb4804df013ae0507caabf30cba6875"},
    {file = "pymongo-4.15.3-cp312-cp312-manylinux2014_aarch64.manylinux_2_17_aarch64.manylinux_2_28_aarch64.whl", hash = "sha256:de3bc878c3be54ae41c2cabc9e9407549ed4fec41f4e279c04e840dddd7c630c"},
    {file = "pymongo-4.15.3-cp312-cp312-manylinux2014_ppc64le.manylinux_2_17_ppc64le.manylinux_2_28_ppc64le.whl", hash = "sha256:07bcc36d11252f24fe671e7e64044d39a13d997b0502c6401161f28cc144f584"},
    {file = "pymongo-4.15.3-cp312-cp312-manylinux2014_s390x.manylinux_2_17_s390x.manylinux_2_28_s390x.whl", hash = "sha256:b63bac343b79bd209e830aac1f5d9d552ff415f23a924d3e51abbe3041265436"},
    {file = "pymongo-4.15.3-cp312-cp312-manylinux2014_x86_64.manylinux_2_17_x86_64.manylinux_2_28_x86_64.whl", hash = "sha256:b33d59bf6fa1ca1d7d96d4fccff51e41312358194190d53ef70a84c070f5287e"},
    {file = "pymongo-4.15.3-cp312-cp312-win32.whl", hash = "sha256:b3a0ec660d61efb91c16a5962ec937011fe3572c4338216831f102e53d294e5c"},
    {file = "pymongo-4.15.3-cp312-cp312-win_amd64.whl", hash = "sha256:f6b0513e5765fdde39f36e6a29a36c67071122b5efa748940ae51075beb5e4bc"},
    {file = "pymongo-4.15.3-cp312-cp312-win_arm64.whl", hash = "sha256:c4fdd8e6eab8ff77c1c8041792b5f760d48508623cd10b50d5639e73f1eec049"},
    {file = "pymongo-4.15.3-cp313-cp313-macosx_10_13_x86_64.whl", hash = "sha256:a47a3218f7900f65bf0f36fcd1f2485af4945757360e7e143525db9d715d2010"},
    {file = "pymongo-4.15.3-cp313-cp313-macosx_11_0_arm64.whl", hash = "sha256:09440e78dff397b2f34a624f445ac8eb44c9756a2688b85b3bf344d351d198e1"},
    {file = "pymongo-4.15.3-cp313-cp313-manylinux1_i686.manylinux_2_28_i686.manylinux_2_5_i686.whl", hash = "sha256:97f9babdb98c31676f97d468f7fe2dc49b8a66fb6900effddc4904c1450196c8"},
    {file = "pymongo-4.15.3-cp313-cp313-manylinux2014_aarch64.manylinux_2_17_aarch64.manylinux_2_28_aarch64.whl", hash = "sha256:71413cd8f091ae25b1fec3af7c2e531cf9bdb88ce4079470e64835f6a664282a"},
    {file = "pymongo-4.15.3-cp313-cp313-manylinux2014_ppc64le.manylinux_2_17_ppc64le.manylinux_2_28_ppc64le.whl", hash = "sha256:76a8d4de8dceb69f6e06736198ff6f7e1149515ef946f192ff2594d2cc98fc53"},
    {file = "pymongo-4.15.3-cp313-cp313-manylinux2014_s390x.manylinux_2_17_s390x.manylinux_2_28_s390x.whl", hash = "sha256:77353978be9fc9e5fe56369682efed0aac5f92a2a1570704d62b62a3c9e1a24f"},
    {file = "pymongo-4.15.3-cp313-cp313-manylinux2014_x86_64.manylinux_2_17_x86_64.manylinux_2_28_x86_64.whl", hash = "sha256:9897a837677e3814873d0572f7e5d53c23ce18e274f3b5b87f05fb6eea22615b"},
    {file = "pymongo-4.15.3-cp313-cp313-win32.whl", hash = "sha256:d66da207ccb0d68c5792eaaac984a0d9c6c8ec609c6bcfa11193a35200dc5992"},
    {file = "pymongo-4.15.3-cp313-cp313-win_amd64.whl", hash = "sha256:52f40c4b8c00bc53d4e357fe0de13d031c4cddb5d201e1a027db437e8d2887f8"},
    {file = "pymongo-4.15.3-cp313-cp313-win_arm64.whl", hash = "sha256:fb384623ece34db78d445dd578a52d28b74e8319f4d9535fbaff79d0eae82b3d"},
    {file = "pymongo-4.15.3-cp314-cp314-macosx_10_13_x86_64.whl", hash = "sha256:dcff15b9157c16bc796765d4d3d151df669322acfb0357e4c3ccd056153f0ff4"},
    {file = "pymongo-4.15.3-cp314-cp314-macosx_11_0_arm64.whl", hash = "sha256:1f681722c9f27e86c49c2e8a838e61b6ecf2285945fd1798bd01458134257834"},
    {file = "pymongo-4.15.3-cp314-cp314-manylinux1_i686.manylinux_2_28_i686.manylinux_2_5_i686.whl", hash = "sha256:2c96dde79bdccd167b930a709875b0cd4321ac32641a490aebfa10bdcd0aa99b"},
    {file = "pymongo-4.15.3-cp314-cp314-manylinux2014_aarch64.manylinux_2_17_aarch64.manylinux_2_28_aarch64.whl", hash = "sha256:d2d4ca446348d850ac4a5c3dc603485640ae2e7805dbb90765c3ba7d79129b37"},
    {file = "pymongo-4.15.3-cp314-cp314-manylinux2014_ppc64le.manylinux_2_17_ppc64le.manylinux_2_28_ppc64le.whl", hash = "sha256:7c0fd3de3a12ff0a8113a3f64cedb01f87397ab8eaaffa88d7f18ca66cd39385"},
    {file = "pymongo-4.15.3-cp314-cp314-manylinux2014_s390x.manylinux_2_17_s390x.manylinux_2_28_s390x.whl", hash = "sha256:e84dec392cf5f72d365e0aac73f627b0a3170193ebb038c3f7e7df11b7983ee7"},
    {file = "pymongo-4.15.3-cp314-cp314-manylinux2014_x86_64.manylinux_2_17_x86_64.manylinux_2_28_x86_64.whl", hash = "sha256:8d4b01a48369ea6d5bc83fea535f56279f806aa3e4991189f0477696dd736289"},
    {file = "pymongo-4.15.3-cp314-cp314-win32.whl", hash = "sha256:3561fa96c3123275ec5ccf919e595547e100c412ec0894e954aa0da93ecfdb9e"},
    {file = "pymongo-4.15.3-cp314-cp314-win_amd64.whl", hash = "sha256:9df2db6bd91b07400879b6ec89827004c0c2b55fc606bb62db93cafb7677c340"},
    {file = "pymongo-4.15.3-cp314-cp314-win_arm64.whl", hash = "sha256:ff99864085d2c7f4bb672c7167680ceb7d273e9a93c1a8074c986a36dbb71cc6"},
    {file = "pymongo-4.15.3-cp314-cp314t-macosx_10_13_x86_64.whl", hash = "sha256:ffe217d2502f3fba4e2b0dc015ce3b34f157b66dfe96835aa64432e909dd0d95"},
    {file = "pymongo-4.15.3-cp314-cp314t-macosx_11_0_arm64.whl", hash = "sha256:390c4954c774eda280898e73aea36482bf20cba3ecb958dbb86d6a68b9ecdd68"},
    {file = "pymongo-4.15.3-cp314-cp314t-manylinux1_i686.manylinux_2_28_i686.manylinux_2_5_i686.whl", hash = "sha256:7dd2a49f088890ca08930bbf96121443b48e26b02b84ba0a3e1ae2bf2c5a9b48"},
    {file = "pymongo-4.15.3-cp314-cp314t-manylinux2014_aarch64.manylinux_2_17_aarch64.manylinux_2_28_aarch64.whl", hash = "sha256:5f6feb678f26171f2a6b2cbb340949889154c7067972bd4cc129b62161474f08"},
    {file = "pymongo-4.15.3-cp314-cp314t-manylinux2014_ppc64le.manylinux_2_17_ppc64le.manylinux_2_28_ppc64le.whl", hash = "sha256:446417a34ff6c2411ce3809e17ce9a67269c9f1cb4966b01e49e0c590cc3c6b3"},
    {file = "pymongo-4.15.3-cp314-cp314t-manylinux2014_s390x.manylinux_2_17_s390x.manylinux_2_28_s390x.whl", hash = "sha256:cfa4a0a0f024a0336640e1201994e780a17bda5e6a7c0b4d23841eb9152e868b"},
    {file = "pymongo-4.15.3-cp314-cp314t-manylinux2014_x86_64.manylinux_2_17_x86_64.manylinux_2_28_x86_64.whl", hash = "sha256:9b03db2fe37c950aff94b29ded5c349b23729bccd90a0a5907bbf807d8c77298"},
    {file = "pymongo-4.15.3-cp314-cp314t-win32.whl", hash = "sha256:e7cde58ef6470c0da922b65e885fb1ffe04deef81e526bd5dea429290fa358ca"},
    {file = "pymongo-4.15.3-cp314-cp314t-win_amd64.whl", hash = "sha256:fae552767d8e5153ed498f1bca92d905d0d46311d831eefb0f06de38f7695c95"},
    {file = "pymongo-4.15.3-cp314-cp314t-win_arm64.whl", hash = "sha256:47ffb068e16ae5e43580d5c4e3b9437f05414ea80c32a1e5cac44a835859c259"},
    {file = "pymongo-4.15.3-cp39-cp39-macosx_10_9_x86_64.whl", hash = "sha256:58d0f4123855f05c0649f9b8ee083acc5b26e7f4afde137cd7b8dc03e9107ff3"},
    {file = "pymongo-4.15.3-cp39-cp39-macosx_11_0_arm64.whl", hash = "sha256:9bc9f99e7702fdb0dcc3ff1dd490adc5d20b3941ad41e58f887d4998b9922a14"},
    {file = "pymongo-4.15.3-cp39-cp39-manylinux1_i686.manylinux_2_28_i686.manylinux_2_5_i686.whl", hash = "sha256:86b1b5b63f4355adffc329733733a9b71fdad88f37a9dc41e163aed2130f9abc"},
    {file = "pymongo-4.15.3-cp39-cp39-manylinux2014_aarch64.manylinux_2_17_aarch64.manylinux_2_28_aarch64.whl", hash = "sha256:6a054d282dd922ac400b6f47ea3ef58d8b940968d76d855da831dc739b7a04de"},
    {file = "pymongo-4.15.3-cp39-cp39-manylinux2014_ppc64le.manylinux_2_17_ppc64le.manylinux_2_28_ppc64le.whl", hash = "sha256:dc583a1130e2516440b93bb2ecb55cfdac6d5373615ae472a9d1f26801f58749"},
    {file = "pymongo-4.15.3-cp39-cp39-manylinux2014_s390x.manylinux_2_17_s390x.manylinux_2_28_s390x.whl", hash = "sha256:5c78237e878e0296130e398151b0d4aa6c9eaf82e38fb6e0aaae2029bc7ef0ce"},
    {file = "pymongo-4.15.3-cp39-cp39-manylinux2014_x86_64.manylinux_2_17_x86_64.manylinux_2_28_x86_64.whl", hash = "sha256:5c85a4c72b7965033f95c94c42dac27d886c01dbc23fe337ccb14f052a0ccc29"},
    {file = "pymongo-4.15.3-cp39-cp39-win32.whl", hash = "sha256:17fc94d1e067556b122eeb09e25c003268e8c0ea1f2f78e745b33bb59a1209c4"},
    {file = "pymongo-4.15.3-cp39-cp39-win_amd64.whl", hash = "sha256:5bf879a6ed70264574d4d8fb5a467c2a64dc76ecd72c0cb467c4464f849c8c77"},
    {file = "pymongo-4.15.3-cp39-cp39-win_arm64.whl", hash = "sha256:2f3d66f7c495efc3cfffa611b36075efe86da1860a7df75522a6fe499ee10383"},
    {file = "pymongo-4.15.3.tar.gz", hash = "sha256:7a981271347623b5319932796690c2d301668ac3a1965974ac9f5c3b8a22cea5"},
]

[package.dependencies]
dnspython = ">=1.16.0,<3.0.0"

[package.extras]
aws = ["pymongo-auth-aws (>=1.1.0,<2.0.0)"]
docs = ["furo (==2025.7.19)", "readthedocs-sphinx-search (>=0.3,<1.0)", "sphinx (>=5.3,<9)", "sphinx-autobuild (>=2020.9.1)", "sphinx-rtd-theme (>=2,<4)", "sphinxcontrib-shellcheck (>=1,<2)"]
encryption = ["certifi ; os_name == \"nt\" or sys_platform == \"darwin\"", "pymongo-auth-aws (>=1.1.0,<2.0.0)", "pymongocrypt (>=1.13.0,<2.0.0)"]
gssapi = ["pykerberos ; os_name != \"nt\"", "winkerberos (>=0.5.0) ; os_name == \"nt\""]
ocsp = ["certifi ; os_name == \"nt\" or sys_platform == \"darwin\"", "cryptography (>=2.5)", "pyopenssl (>=17.2.0)", "requests (<3.0.0)", "service-identity (>=18.1.0)"]
snappy = ["python-snappy"]
test = ["pytest (>=8.2)", "pytest-asyncio (>=0.24.0)"]
zstd = ["zstandard"]

[[package]]
name = "python-dotenv"
version = "1.2.1"
description = "Read key-value pairs from a .env file and set them as environment variables"
optional = false
python-versions = ">=3.9"
groups = ["main"]
files = [
    {file = "python_dotenv-1.2.1-py3-none-any.whl", hash = "sha256:b81ee9561e9ca4004139c6cbba3a238c32b03e4894671e181b671e8cb8425d61"},
    {file = "python_dotenv-1.2.1.tar.gz", hash = "sha256:42667e897e16ab0d66954af0e60a9caa94f0fd4ecf3aaf6d2d260eec1aa36ad6"},
]

[package.extras]
cli = ["click (>=5.0)"]

[[package]]
name = "typing-extensions"
version = "4.15.0"
description = "Backported and Experimental Type Hints for Python 3.9+"
optional = false
python-versions = ">=3.9"
groups = ["main"]
files = [
    {file = "typing_extensions-4.15.0-py3-none-any.whl", hash = "sha256:f0fa19c6845758ab08074a0cfa8b7aecb71c999ca73d62883bc25cc018c4e548"},
    {file = "typing_extensions-4.15.0.tar.gz", hash = "sha256:0cea48d173cc12fa28ecabc3b837ea3cf6f38c6d1136f85cbaaf598984861466"},
]

[metadata]
lock-version = "2.1"
python-versions = ">=3.13"
content-hash = "e5444259a7240a7713d20d3cbb08b7813046341f6ee34796c6ab742123893920"
